// !$*UTF8*$!
{
	archiveVersion = 1;
	classes = {
	};
	objectVersion = 46;
	objects = {

/* Begin PBXBuildFile section */
		B2BDD75319A6D193006C4D3C /* main.m in Sources */ = {isa = PBXBuildFile; fileRef = B2BDD75219A6D193006C4D3C /* main.m */; };
		B2BDD75619A6D193006C4D3C /* AppDelegate.m in Sources */ = {isa = PBXBuildFile; fileRef = B2BDD75519A6D193006C4D3C /* AppDelegate.m */; };
		B2BDD75919A6D193006C4D3C /* ViewController.m in Sources */ = {isa = PBXBuildFile; fileRef = B2BDD75819A6D193006C4D3C /* ViewController.m */; };
		B2BDD75C19A6D193006C4D3C /* Main.storyboard in Resources */ = {isa = PBXBuildFile; fileRef = B2BDD75A19A6D193006C4D3C /* Main.storyboard */; };
		B2BDD75E19A6D193006C4D3C /* Images.xcassets in Resources */ = {isa = PBXBuildFile; fileRef = B2BDD75D19A6D193006C4D3C /* Images.xcassets */; };
		B2BDD76A19A6D193006C4D3C /* Cardano_ObjCTests.m in Sources */ = {isa = PBXBuildFile; fileRef = B2BDD76919A6D193006C4D3C /* Cardano_ObjCTests.m */; };
/* End PBXBuildFile section */

/* Begin PBXContainerItemProxy section */
		B2BDD76419A6D193006C4D3C /* PBXContainerItemProxy */ = {
			isa = PBXContainerItemProxy;
			containerPortal = B2BDD74519A6D193006C4D3C /* Project object */;
			proxyType = 1;
			remoteGlobalIDString = B2BDD74C19A6D193006C4D3C;
			remoteInfo = "Cardano ObjC";
		};
/* End PBXContainerItemProxy section */

/* Begin PBXFileReference section */
		B2BDD74D19A6D193006C4D3C /* Cardano ObjC.app */ = {isa = PBXFileReference; explicitFileType = wrapper.application; includeInIndex = 0; path = "Cardano ObjC.app"; sourceTree = BUILT_PRODUCTS_DIR; };
		B2BDD75119A6D193006C4D3C /* Info.plist */ = {isa = PBXFileReference; lastKnownFileType = text.plist.xml; path = Info.plist; sourceTree = "<group>"; };
		B2BDD75219A6D193006C4D3C /* main.m */ = {isa = PBXFileReference; lastKnownFileType = sourcecode.c.objc; path = main.m; sourceTree = "<group>"; };
		B2BDD75419A6D193006C4D3C /* AppDelegate.h */ = {isa = PBXFileReference; lastKnownFileType = sourcecode.c.h; path = AppDelegate.h; sourceTree = "<group>"; };
		B2BDD75519A6D193006C4D3C /* AppDelegate.m */ = {isa = PBXFileReference; lastKnownFileType = sourcecode.c.objc; path = AppDelegate.m; sourceTree = "<group>"; };
		B2BDD75719A6D193006C4D3C /* ViewController.h */ = {isa = PBXFileReference; lastKnownFileType = sourcecode.c.h; path = ViewController.h; sourceTree = "<group>"; };
		B2BDD75819A6D193006C4D3C /* ViewController.m */ = {isa = PBXFileReference; lastKnownFileType = sourcecode.c.objc; path = ViewController.m; sourceTree = "<group>"; };
		B2BDD75B19A6D193006C4D3C /* Base */ = {isa = PBXFileReference; lastKnownFileType = file.storyboard; name = Base; path = Base.lproj/Main.storyboard; sourceTree = "<group>"; };
		B2BDD75D19A6D193006C4D3C /* Images.xcassets */ = {isa = PBXFileReference; lastKnownFileType = folder.assetcatalog; path = Images.xcassets; sourceTree = "<group>"; };
		B2BDD76319A6D193006C4D3C /* Cardano ObjCTests.xctest */ = {isa = PBXFileReference; explicitFileType = wrapper.cfbundle; includeInIndex = 0; path = "Cardano ObjCTests.xctest"; sourceTree = BUILT_PRODUCTS_DIR; };
		B2BDD76819A6D193006C4D3C /* Info.plist */ = {isa = PBXFileReference; lastKnownFileType = text.plist.xml; path = Info.plist; sourceTree = "<group>"; };
		B2BDD76919A6D193006C4D3C /* Cardano_ObjCTests.m */ = {isa = PBXFileReference; lastKnownFileType = sourcecode.c.objc; path = Cardano_ObjCTests.m; sourceTree = "<group>"; };
/* End PBXFileReference section */

/* Begin PBXFrameworksBuildPhase section */
		B2BDD74A19A6D193006C4D3C /* Frameworks */ = {
			isa = PBXFrameworksBuildPhase;
			buildActionMask = 2147483647;
			files = (
			);
			runOnlyForDeploymentPostprocessing = 0;
		};
		B2BDD76019A6D193006C4D3C /* Frameworks */ = {
			isa = PBXFrameworksBuildPhase;
			buildActionMask = 2147483647;
			files = (
			);
			runOnlyForDeploymentPostprocessing = 0;
		};
/* End PBXFrameworksBuildPhase section */

/* Begin PBXGroup section */
		B2BDD74419A6D193006C4D3C = {
			isa = PBXGroup;
			children = (
				B2BDD74F19A6D193006C4D3C /* Cardano ObjC */,
				B2BDD76619A6D193006C4D3C /* Cardano ObjCTests */,
				B2BDD74E19A6D193006C4D3C /* Products */,
			);
			sourceTree = "<group>";
		};
		B2BDD74E19A6D193006C4D3C /* Products */ = {
			isa = PBXGroup;
			children = (
				B2BDD74D19A6D193006C4D3C /* Cardano ObjC.app */,
				B2BDD76319A6D193006C4D3C /* Cardano ObjCTests.xctest */,
			);
			name = Products;
			sourceTree = "<group>";
		};
		B2BDD74F19A6D193006C4D3C /* Cardano ObjC */ = {
			isa = PBXGroup;
			children = (
				B2BDD75419A6D193006C4D3C /* AppDelegate.h */,
				B2BDD75519A6D193006C4D3C /* AppDelegate.m */,
				B2BDD75719A6D193006C4D3C /* ViewController.h */,
				B2BDD75819A6D193006C4D3C /* ViewController.m */,
				B2BDD75A19A6D193006C4D3C /* Main.storyboard */,
				B2BDD75D19A6D193006C4D3C /* Images.xcassets */,
				B2BDD75019A6D193006C4D3C /* Supporting Files */,
			);
			path = "Cardano ObjC";
			sourceTree = "<group>";
		};
		B2BDD75019A6D193006C4D3C /* Supporting Files */ = {
			isa = PBXGroup;
			children = (
				B2BDD75119A6D193006C4D3C /* Info.plist */,
				B2BDD75219A6D193006C4D3C /* main.m */,
			);
			name = "Supporting Files";
			sourceTree = "<group>";
		};
		B2BDD76619A6D193006C4D3C /* Cardano ObjCTests */ = {
			isa = PBXGroup;
			children = (
				B2BDD76919A6D193006C4D3C /* Cardano_ObjCTests.m */,
				B2BDD76719A6D193006C4D3C /* Supporting Files */,
			);
			path = "Cardano ObjCTests";
			sourceTree = "<group>";
		};
		B2BDD76719A6D193006C4D3C /* Supporting Files */ = {
			isa = PBXGroup;
			children = (
				B2BDD76819A6D193006C4D3C /* Info.plist */,
			);
			name = "Supporting Files";
			sourceTree = "<group>";
		};
/* End PBXGroup section */

/* Begin PBXNativeTarget section */
		B2BDD74C19A6D193006C4D3C /* Cardano ObjC */ = {
			isa = PBXNativeTarget;
			buildConfigurationList = B2BDD76D19A6D193006C4D3C /* Build configuration list for PBXNativeTarget "Cardano ObjC" */;
			buildPhases = (
				B2BDD74919A6D193006C4D3C /* Sources */,
				B2BDD74A19A6D193006C4D3C /* Frameworks */,
				B2BDD74B19A6D193006C4D3C /* Resources */,
			);
			buildRules = (
			);
			dependencies = (
			);
			name = "Cardano ObjC";
			productName = "Cardano ObjC";
			productReference = B2BDD74D19A6D193006C4D3C /* Cardano ObjC.app */;
			productType = "com.apple.product-type.application";
		};
		B2BDD76219A6D193006C4D3C /* Cardano ObjCTests */ = {
			isa = PBXNativeTarget;
			buildConfigurationList = B2BDD77019A6D193006C4D3C /* Build configuration list for PBXNativeTarget "Cardano ObjCTests" */;
			buildPhases = (
				B2BDD75F19A6D193006C4D3C /* Sources */,
				B2BDD76019A6D193006C4D3C /* Frameworks */,
				B2BDD76119A6D193006C4D3C /* Resources */,
			);
			buildRules = (
			);
			dependencies = (
				B2BDD76519A6D193006C4D3C /* PBXTargetDependency */,
			);
			name = "Cardano ObjCTests";
			productName = "Cardano ObjCTests";
			productReference = B2BDD76319A6D193006C4D3C /* Cardano ObjCTests.xctest */;
			productType = "com.apple.product-type.bundle.unit-test";
		};
/* End PBXNativeTarget section */

/* Begin PBXProject section */
		B2BDD74519A6D193006C4D3C /* Project object */ = {
			isa = PBXProject;
			attributes = {
				LastUpgradeCheck = 0600;
				ORGANIZATIONNAME = "On The Pursuit";
				TargetAttributes = {
					B2BDD74C19A6D193006C4D3C = {
						CreatedOnToolsVersion = 6.0;
					};
					B2BDD76219A6D193006C4D3C = {
						CreatedOnToolsVersion = 6.0;
						TestTargetID = B2BDD74C19A6D193006C4D3C;
					};
				};
			};
			buildConfigurationList = B2BDD74819A6D193006C4D3C /* Build configuration list for PBXProject "Cardano ObjC" */;
			compatibilityVersion = "Xcode 3.2";
			developmentRegion = English;
			hasScannedForEncodings = 0;
			knownRegions = (
				en,
				Base,
			);
			mainGroup = B2BDD74419A6D193006C4D3C;
			productRefGroup = B2BDD74E19A6D193006C4D3C /* Products */;
			projectDirPath = "";
			projectRoot = "";
			targets = (
				B2BDD74C19A6D193006C4D3C /* Cardano ObjC */,
				B2BDD76219A6D193006C4D3C /* Cardano ObjCTests */,
			);
		};
/* End PBXProject section */

/* Begin PBXResourcesBuildPhase section */
		B2BDD74B19A6D193006C4D3C /* Resources */ = {
			isa = PBXResourcesBuildPhase;
			buildActionMask = 2147483647;
			files = (
				B2BDD75C19A6D193006C4D3C /* Main.storyboard in Resources */,
				B2BDD75E19A6D193006C4D3C /* Images.xcassets in Resources */,
			);
			runOnlyForDeploymentPostprocessing = 0;
		};
		B2BDD76119A6D193006C4D3C /* Resources */ = {
			isa = PBXResourcesBuildPhase;
			buildActionMask = 2147483647;
			files = (
			);
			runOnlyForDeploymentPostprocessing = 0;
		};
/* End PBXResourcesBuildPhase section */

/* Begin PBXSourcesBuildPhase section */
		B2BDD74919A6D193006C4D3C /* Sources */ = {
			isa = PBXSourcesBuildPhase;
			buildActionMask = 2147483647;
			files = (
				B2BDD75919A6D193006C4D3C /* ViewController.m in Sources */,
				B2BDD75619A6D193006C4D3C /* AppDelegate.m in Sources */,
				B2BDD75319A6D193006C4D3C /* main.m in Sources */,
			);
			runOnlyForDeploymentPostprocessing = 0;
		};
		B2BDD75F19A6D193006C4D3C /* Sources */ = {
			isa = PBXSourcesBuildPhase;
			buildActionMask = 2147483647;
			files = (
				B2BDD76A19A6D193006C4D3C /* Cardano_ObjCTests.m in Sources */,
			);
			runOnlyForDeploymentPostprocessing = 0;
		};
/* End PBXSourcesBuildPhase section */

/* Begin PBXTargetDependency section */
		B2BDD76519A6D193006C4D3C /* PBXTargetDependency */ = {
			isa = PBXTargetDependency;
			target = B2BDD74C19A6D193006C4D3C /* Cardano ObjC */;
			targetProxy = B2BDD76419A6D193006C4D3C /* PBXContainerItemProxy */;
		};
/* End PBXTargetDependency section */

/* Begin PBXVariantGroup section */
		B2BDD75A19A6D193006C4D3C /* Main.storyboard */ = {
			isa = PBXVariantGroup;
			children = (
				B2BDD75B19A6D193006C4D3C /* Base */,
			);
			name = Main.storyboard;
			sourceTree = "<group>";
		};
/* End PBXVariantGroup section */

/* Begin XCBuildConfiguration section */
		B2BDD76B19A6D193006C4D3C /* Debug */ = {
			isa = XCBuildConfiguration;
			buildSettings = {
				ALWAYS_SEARCH_USER_PATHS = NO;
				CLANG_CXX_LANGUAGE_STANDARD = "gnu++0x";
				CLANG_CXX_LIBRARY = "libc++";
				CLANG_ENABLE_MODULES = YES;
				CLANG_ENABLE_OBJC_ARC = YES;
				CLANG_WARN_BOOL_CONVERSION = YES;
				CLANG_WARN_CONSTANT_CONVERSION = YES;
				CLANG_WARN_DIRECT_OBJC_ISA_USAGE = YES_ERROR;
				CLANG_WARN_EMPTY_BODY = YES;
				CLANG_WARN_ENUM_CONVERSION = YES;
				CLANG_WARN_INT_CONVERSION = YES;
				CLANG_WARN_OBJC_ROOT_CLASS = YES_ERROR;
				CLANG_WARN_UNREACHABLE_CODE = YES;
				CLANG_WARN__DUPLICATE_METHOD_MATCH = YES;
				"CODE_SIGN_IDENTITY[sdk=iphoneos*]" = "iPhone Developer";
				COPY_PHASE_STRIP = NO;
				ENABLE_STRICT_OBJC_MSGSEND = YES;
				GCC_C_LANGUAGE_STANDARD = gnu99;
				GCC_DYNAMIC_NO_PIC = NO;
				GCC_OPTIMIZATION_LEVEL = s;
				GCC_PREPROCESSOR_DEFINITIONS = (
					"DEBUG=1",
					"$(inherited)",
				);
				GCC_SYMBOLS_PRIVATE_EXTERN = NO;
				GCC_WARN_64_TO_32_BIT_CONVERSION = YES;
				GCC_WARN_ABOUT_RETURN_TYPE = YES_ERROR;
				GCC_WARN_UNDECLARED_SELECTOR = YES;
				GCC_WARN_UNINITIALIZED_AUTOS = YES_AGGRESSIVE;
				GCC_WARN_UNUSED_FUNCTION = YES;
				GCC_WARN_UNUSED_VARIABLE = YES;
				IPHONEOS_DEPLOYMENT_TARGET = 8.0;
				MTL_ENABLE_DEBUG_INFO = YES;
				ONLY_ACTIVE_ARCH = YES;
				SDKROOT = iphoneos;
			};
			name = Debug;
		};
		B2BDD76C19A6D193006C4D3C /* Release */ = {
			isa = XCBuildConfiguration;
			buildSettings = {
				ALWAYS_SEARCH_USER_PATHS = NO;
				CLANG_CXX_LANGUAGE_STANDARD = "gnu++0x";
				CLANG_CXX_LIBRARY = "libc++";
				CLANG_ENABLE_MODULES = YES;
				CLANG_ENABLE_OBJC_ARC = YES;
				CLANG_WARN_BOOL_CONVERSION = YES;
				CLANG_WARN_CONSTANT_CONVERSION = YES;
				CLANG_WARN_DIRECT_OBJC_ISA_USAGE = YES_ERROR;
				CLANG_WARN_EMPTY_BODY = YES;
				CLANG_WARN_ENUM_CONVERSION = YES;
				CLANG_WARN_INT_CONVERSION = YES;
				CLANG_WARN_OBJC_ROOT_CLASS = YES_ERROR;
				CLANG_WARN_UNREACHABLE_CODE = YES;
				CLANG_WARN__DUPLICATE_METHOD_MATCH = YES;
				"CODE_SIGN_IDENTITY[sdk=iphoneos*]" = "iPhone Developer";
				COPY_PHASE_STRIP = YES;
				ENABLE_NS_ASSERTIONS = NO;
				ENABLE_STRICT_OBJC_MSGSEND = YES;
				GCC_C_LANGUAGE_STANDARD = gnu99;
				GCC_WARN_64_TO_32_BIT_CONVERSION = YES;
				GCC_WARN_ABOUT_RETURN_TYPE = YES_ERROR;
				GCC_WARN_UNDECLARED_SELECTOR = YES;
				GCC_WARN_UNINITIALIZED_AUTOS = YES_AGGRESSIVE;
				GCC_WARN_UNUSED_FUNCTION = YES;
				GCC_WARN_UNUSED_VARIABLE = YES;
				IPHONEOS_DEPLOYMENT_TARGET = 8.0;
				MTL_ENABLE_DEBUG_INFO = NO;
				SDKROOT = iphoneos;
				VALIDATE_PRODUCT = YES;
			};
			name = Release;
		};
		B2BDD76E19A6D193006C4D3C /* Debug */ = {
			isa = XCBuildConfiguration;
			buildSettings = {
				ASSETCATALOG_COMPILER_APPICON_NAME = AppIcon;
				ASSETCATALOG_COMPILER_LAUNCHIMAGE_NAME = LaunchImage;
				INFOPLIST_FILE = "Cardano ObjC/Info.plist";
				LD_RUNPATH_SEARCH_PATHS = "$(inherited) @executable_path/Frameworks";
				PRODUCT_NAME = "$(TARGET_NAME)";
			};
			name = Debug;
		};
		B2BDD76F19A6D193006C4D3C /* Release */ = {
			isa = XCBuildConfiguration;
			buildSettings = {
				ASSETCATALOG_COMPILER_APPICON_NAME = AppIcon;
				ASSETCATALOG_COMPILER_LAUNCHIMAGE_NAME = LaunchImage;
				INFOPLIST_FILE = "Cardano ObjC/Info.plist";
				LD_RUNPATH_SEARCH_PATHS = "$(inherited) @executable_path/Frameworks";
				PRODUCT_NAME = "$(TARGET_NAME)";
			};
			name = Release;
		};
		B2BDD77119A6D193006C4D3C /* Debug */ = {
			isa = XCBuildConfiguration;
			buildSettings = {
				BUNDLE_LOADER = "$(BUILT_PRODUCTS_DIR)/Cardano ObjC.app/Cardano ObjC";
				FRAMEWORK_SEARCH_PATHS = (
					"$(SDKROOT)/Developer/Library/Frameworks",
					"$(inherited)",
				);
				GCC_PREPROCESSOR_DEFINITIONS = (
					"DEBUG=1",
					"$(inherited)",
				);
				INFOPLIST_FILE = "Cardano ObjCTests/Info.plist";
				LD_RUNPATH_SEARCH_PATHS = "$(inherited) @executable_path/Frameworks @loader_path/Frameworks";
				PRODUCT_NAME = "$(TARGET_NAME)";
				TEST_HOST = "$(BUNDLE_LOADER)";
			};
			name = Debug;
		};
		B2BDD77219A6D193006C4D3C /* Release */ = {
			isa = XCBuildConfiguration;
			buildSettings = {
				BUNDLE_LOADER = "$(BUILT_PRODUCTS_DIR)/Cardano ObjC.app/Cardano ObjC";
				FRAMEWORK_SEARCH_PATHS = (
					"$(SDKROOT)/Developer/Library/Frameworks",
					"$(inherited)",
				);
				INFOPLIST_FILE = "Cardano ObjCTests/Info.plist";
				LD_RUNPATH_SEARCH_PATHS = "$(inherited) @executable_path/Frameworks @loader_path/Frameworks";
				PRODUCT_NAME = "$(TARGET_NAME)";
				TEST_HOST = "$(BUNDLE_LOADER)";
			};
			name = Release;
		};
/* End XCBuildConfiguration section */

/* Begin XCConfigurationList section */
		B2BDD74819A6D193006C4D3C /* Build configuration list for PBXProject "Cardano ObjC" */ = {
			isa = XCConfigurationList;
			buildConfigurations = (
				B2BDD76B19A6D193006C4D3C /* Debug */,
				B2BDD76C19A6D193006C4D3C /* Release */,
			);
			defaultConfigurationIsVisible = 0;
			defaultConfigurationName = Release;
		};
		B2BDD76D19A6D193006C4D3C /* Build configuration list for PBXNativeTarget "Cardano ObjC" */ = {
			isa = XCConfigurationList;
			buildConfigurations = (
				B2BDD76E19A6D193006C4D3C /* Debug */,
				B2BDD76F19A6D193006C4D3C /* Release */,
			);
			defaultConfigurationIsVisible = 0;
			defaultConfigurationName = Release;
		};
		B2BDD77019A6D193006C4D3C /* Build configuration list for PBXNativeTarget "Cardano ObjCTests" */ = {
			isa = XCConfigurationList;
			buildConfigurations = (
				B2BDD77119A6D193006C4D3C /* Debug */,
				B2BDD77219A6D193006C4D3C /* Release */,
			);
			defaultConfigurationIsVisible = 0;
			defaultConfigurationName = Release;
		};
/* End XCConfigurationList section */
	};
	rootObject = B2BDD74519A6D193006C4D3C /* Project object */;
}
