// !$*UTF8*$!
{
	archiveVersion = 1;
	classes = {
	};
	objectVersion = 46;
	objects = {

/* Begin PBXBuildFile section */
		B2BDD72819A6BA30006C4D3C /* AppDelegate.swift in Sources */ = {isa = PBXBuildFile; fileRef = B2BDD72719A6BA30006C4D3C /* AppDelegate.swift */; };
		B2BDD72A19A6BA30006C4D3C /* ViewController.swift in Sources */ = {isa = PBXBuildFile; fileRef = B2BDD72919A6BA30006C4D3C /* ViewController.swift */; };
		B2BDD72D19A6BA30006C4D3C /* Main.storyboard in Resources */ = {isa = PBXBuildFile; fileRef = B2BDD72B19A6BA30006C4D3C /* Main.storyboard */; };
		B2BDD72F19A6BA30006C4D3C /* Images.xcassets in Resources */ = {isa = PBXBuildFile; fileRef = B2BDD72E19A6BA30006C4D3C /* Images.xcassets */; };
		B2BDD73B19A6BA30006C4D3C /* Cardano_SwiftTests.swift in Sources */ = {isa = PBXBuildFile; fileRef = B2BDD73A19A6BA30006C4D3C /* Cardano_SwiftTests.swift */; };
/* End PBXBuildFile section */

/* Begin PBXContainerItemProxy section */
		B2BDD73519A6BA30006C4D3C /* PBXContainerItemProxy */ = {
			isa = PBXContainerItemProxy;
			containerPortal = B2BDD71A19A6BA30006C4D3C /* Project object */;
			proxyType = 1;
			remoteGlobalIDString = B2BDD72119A6BA30006C4D3C;
			remoteInfo = "Cardano Swift";
		};
/* End PBXContainerItemProxy section */

/* Begin PBXFileReference section */
		B2BDD72219A6BA30006C4D3C /* Cardano Swift.app */ = {isa = PBXFileReference; explicitFileType = wrapper.application; includeInIndex = 0; path = "Cardano Swift.app"; sourceTree = BUILT_PRODUCTS_DIR; };
		B2BDD72619A6BA30006C4D3C /* Info.plist */ = {isa = PBXFileReference; lastKnownFileType = text.plist.xml; path = Info.plist; sourceTree = "<group>"; };
		B2BDD72719A6BA30006C4D3C /* AppDelegate.swift */ = {isa = PBXFileReference; lastKnownFileType = sourcecode.swift; path = AppDelegate.swift; sourceTree = "<group>"; };
		B2BDD72919A6BA30006C4D3C /* ViewController.swift */ = {isa = PBXFileReference; lastKnownFileType = sourcecode.swift; path = ViewController.swift; sourceTree = "<group>"; };
		B2BDD72C19A6BA30006C4D3C /* Base */ = {isa = PBXFileReference; lastKnownFileType = file.storyboard; name = Base; path = Base.lproj/Main.storyboard; sourceTree = "<group>"; };
		B2BDD72E19A6BA30006C4D3C /* Images.xcassets */ = {isa = PBXFileReference; lastKnownFileType = folder.assetcatalog; path = Images.xcassets; sourceTree = "<group>"; };
		B2BDD73419A6BA30006C4D3C /* Cardano SwiftTests.xctest */ = {isa = PBXFileReference; explicitFileType = wrapper.cfbundle; includeInIndex = 0; path = "Cardano SwiftTests.xctest"; sourceTree = BUILT_PRODUCTS_DIR; };
		B2BDD73919A6BA30006C4D3C /* Info.plist */ = {isa = PBXFileReference; lastKnownFileType = text.plist.xml; path = Info.plist; sourceTree = "<group>"; };
		B2BDD73A19A6BA30006C4D3C /* Cardano_SwiftTests.swift */ = {isa = PBXFileReference; lastKnownFileType = sourcecode.swift; path = Cardano_SwiftTests.swift; sourceTree = "<group>"; };
/* End PBXFileReference section */

/* Begin PBXFrameworksBuildPhase section */
		B2BDD71F19A6BA30006C4D3C /* Frameworks */ = {
			isa = PBXFrameworksBuildPhase;
			buildActionMask = 2147483647;
			files = (
			);
			runOnlyForDeploymentPostprocessing = 0;
		};
		B2BDD73119A6BA30006C4D3C /* Frameworks */ = {
			isa = PBXFrameworksBuildPhase;
			buildActionMask = 2147483647;
			files = (
			);
			runOnlyForDeploymentPostprocessing = 0;
		};
/* End PBXFrameworksBuildPhase section */

/* Begin PBXGroup section */
		B2BDD71919A6BA30006C4D3C = {
			isa = PBXGroup;
			children = (
				B2BDD72419A6BA30006C4D3C /* Cardano Swift */,
				B2BDD73719A6BA30006C4D3C /* Cardano SwiftTests */,
				B2BDD72319A6BA30006C4D3C /* Products */,
			);
			sourceTree = "<group>";
		};
		B2BDD72319A6BA30006C4D3C /* Products */ = {
			isa = PBXGroup;
			children = (
				B2BDD72219A6BA30006C4D3C /* Cardano Swift.app */,
				B2BDD73419A6BA30006C4D3C /* Cardano SwiftTests.xctest */,
			);
			name = Products;
			sourceTree = "<group>";
		};
		B2BDD72419A6BA30006C4D3C /* Cardano Swift */ = {
			isa = PBXGroup;
			children = (
				B2BDD72719A6BA30006C4D3C /* AppDelegate.swift */,
				B2BDD72919A6BA30006C4D3C /* ViewController.swift */,
				B2BDD72B19A6BA30006C4D3C /* Main.storyboard */,
				B2BDD72E19A6BA30006C4D3C /* Images.xcassets */,
				B2BDD72519A6BA30006C4D3C /* Supporting Files */,
			);
			path = "Cardano Swift";
			sourceTree = "<group>";
		};
		B2BDD72519A6BA30006C4D3C /* Supporting Files */ = {
			isa = PBXGroup;
			children = (
				B2BDD72619A6BA30006C4D3C /* Info.plist */,
			);
			name = "Supporting Files";
			sourceTree = "<group>";
		};
		B2BDD73719A6BA30006C4D3C /* Cardano SwiftTests */ = {
			isa = PBXGroup;
			children = (
				B2BDD73A19A6BA30006C4D3C /* Cardano_SwiftTests.swift */,
				B2BDD73819A6BA30006C4D3C /* Supporting Files */,
			);
			path = "Cardano SwiftTests";
			sourceTree = "<group>";
		};
		B2BDD73819A6BA30006C4D3C /* Supporting Files */ = {
			isa = PBXGroup;
			children = (
				B2BDD73919A6BA30006C4D3C /* Info.plist */,
			);
			name = "Supporting Files";
			sourceTree = "<group>";
		};
/* End PBXGroup section */

/* Begin PBXNativeTarget section */
		B2BDD72119A6BA30006C4D3C /* Cardano Swift */ = {
			isa = PBXNativeTarget;
			buildConfigurationList = B2BDD73E19A6BA30006C4D3C /* Build configuration list for PBXNativeTarget "Cardano Swift" */;
			buildPhases = (
				B2BDD71E19A6BA30006C4D3C /* Sources */,
				B2BDD71F19A6BA30006C4D3C /* Frameworks */,
				B2BDD72019A6BA30006C4D3C /* Resources */,
			);
			buildRules = (
			);
			dependencies = (
			);
			name = "Cardano Swift";
			productName = "Cardano Swift";
			productReference = B2BDD72219A6BA30006C4D3C /* Cardano Swift.app */;
			productType = "com.apple.product-type.application";
		};
		B2BDD73319A6BA30006C4D3C /* Cardano SwiftTests */ = {
			isa = PBXNativeTarget;
			buildConfigurationList = B2BDD74119A6BA30006C4D3C /* Build configuration list for PBXNativeTarget "Cardano SwiftTests" */;
			buildPhases = (
				B2BDD73019A6BA30006C4D3C /* Sources */,
				B2BDD73119A6BA30006C4D3C /* Frameworks */,
				B2BDD73219A6BA30006C4D3C /* Resources */,
			);
			buildRules = (
			);
			dependencies = (
				B2BDD73619A6BA30006C4D3C /* PBXTargetDependency */,
			);
			name = "Cardano SwiftTests";
			productName = "Cardano SwiftTests";
			productReference = B2BDD73419A6BA30006C4D3C /* Cardano SwiftTests.xctest */;
			productType = "com.apple.product-type.bundle.unit-test";
		};
/* End PBXNativeTarget section */

/* Begin PBXProject section */
		B2BDD71A19A6BA30006C4D3C /* Project object */ = {
			isa = PBXProject;
			attributes = {
				LastUpgradeCheck = 0600;
				ORGANIZATIONNAME = "On The Pursuit";
				TargetAttributes = {
					B2BDD72119A6BA30006C4D3C = {
						CreatedOnToolsVersion = 6.0;
					};
					B2BDD73319A6BA30006C4D3C = {
						CreatedOnToolsVersion = 6.0;
						TestTargetID = B2BDD72119A6BA30006C4D3C;
					};
				};
			};
			buildConfigurationList = B2BDD71D19A6BA30006C4D3C /* Build configuration list for PBXProject "Cardano Swift" */;
			compatibilityVersion = "Xcode 3.2";
			developmentRegion = English;
			hasScannedForEncodings = 0;
			knownRegions = (
				en,
				Base,
			);
			mainGroup = B2BDD71919A6BA30006C4D3C;
			productRefGroup = B2BDD72319A6BA30006C4D3C /* Products */;
			projectDirPath = "";
			projectRoot = "";
			targets = (
				B2BDD72119A6BA30006C4D3C /* Cardano Swift */,
				B2BDD73319A6BA30006C4D3C /* Cardano SwiftTests */,
			);
		};
/* End PBXProject section */

/* Begin PBXResourcesBuildPhase section */
		B2BDD72019A6BA30006C4D3C /* Resources */ = {
			isa = PBXResourcesBuildPhase;
			buildActionMask = 2147483647;
			files = (
				B2BDD72D19A6BA30006C4D3C /* Main.storyboard in Resources */,
				B2BDD72F19A6BA30006C4D3C /* Images.xcassets in Resources */,
			);
			runOnlyForDeploymentPostprocessing = 0;
		};
		B2BDD73219A6BA30006C4D3C /* Resources */ = {
			isa = PBXResourcesBuildPhase;
			buildActionMask = 2147483647;
			files = (
			);
			runOnlyForDeploymentPostprocessing = 0;
		};
/* End PBXResourcesBuildPhase section */

/* Begin PBXSourcesBuildPhase section */
		B2BDD71E19A6BA30006C4D3C /* Sources */ = {
			isa = PBXSourcesBuildPhase;
			buildActionMask = 2147483647;
			files = (
				B2BDD72A19A6BA30006C4D3C /* ViewController.swift in Sources */,
				B2BDD72819A6BA30006C4D3C /* AppDelegate.swift in Sources */,
			);
			runOnlyForDeploymentPostprocessing = 0;
		};
		B2BDD73019A6BA30006C4D3C /* Sources */ = {
			isa = PBXSourcesBuildPhase;
			buildActionMask = 2147483647;
			files = (
				B2BDD73B19A6BA30006C4D3C /* Cardano_SwiftTests.swift in Sources */,
			);
			runOnlyForDeploymentPostprocessing = 0;
		};
/* End PBXSourcesBuildPhase section */

/* Begin PBXTargetDependency section */
		B2BDD73619A6BA30006C4D3C /* PBXTargetDependency */ = {
			isa = PBXTargetDependency;
			target = B2BDD72119A6BA30006C4D3C /* Cardano Swift */;
			targetProxy = B2BDD73519A6BA30006C4D3C /* PBXContainerItemProxy */;
		};
/* End PBXTargetDependency section */

/* Begin PBXVariantGroup section */
		B2BDD72B19A6BA30006C4D3C /* Main.storyboard */ = {
			isa = PBXVariantGroup;
			children = (
				B2BDD72C19A6BA30006C4D3C /* Base */,
			);
			name = Main.storyboard;
			sourceTree = "<group>";
		};
/* End PBXVariantGroup section */

/* Begin XCBuildConfiguration section */
		B2BDD73C19A6BA30006C4D3C /* Debug */ = {
			isa = XCBuildConfiguration;
			buildSettings = {
				ALWAYS_SEARCH_USER_PATHS = NO;
				CLANG_CXX_LANGUAGE_STANDARD = "gnu++0x";
				CLANG_CXX_LIBRARY = "libc++";
				CLANG_ENABLE_MODULES = YES;
				CLANG_ENABLE_OBJC_ARC = YES;
				CLANG_WARN_BOOL_CONVERSION = YES;
				CLANG_WARN_CONSTANT_CONVERSION = YES;
				CLANG_WARN_DIRECT_OBJC_ISA_USAGE = YES_ERROR;
				CLANG_WARN_EMPTY_BODY = YES;
				CLANG_WARN_ENUM_CONVERSION = YES;
				CLANG_WARN_INT_CONVERSION = YES;
				CLANG_WARN_OBJC_ROOT_CLASS = YES_ERROR;
				CLANG_WARN_UNREACHABLE_CODE = YES;
				CLANG_WARN__DUPLICATE_METHOD_MATCH = YES;
				"CODE_SIGN_IDENTITY[sdk=iphoneos*]" = "iPhone Developer";
				COPY_PHASE_STRIP = NO;
				ENABLE_STRICT_OBJC_MSGSEND = YES;
				GCC_C_LANGUAGE_STANDARD = gnu99;
				GCC_DYNAMIC_NO_PIC = NO;
				GCC_OPTIMIZATION_LEVEL = s;
				GCC_PREPROCESSOR_DEFINITIONS = (
					"DEBUG=1",
					"$(inherited)",
				);
				GCC_SYMBOLS_PRIVATE_EXTERN = NO;
				GCC_WARN_64_TO_32_BIT_CONVERSION = YES;
				GCC_WARN_ABOUT_RETURN_TYPE = YES_ERROR;
				GCC_WARN_UNDECLARED_SELECTOR = YES;
				GCC_WARN_UNINITIALIZED_AUTOS = YES_AGGRESSIVE;
				GCC_WARN_UNUSED_FUNCTION = YES;
				GCC_WARN_UNUSED_VARIABLE = YES;
				IPHONEOS_DEPLOYMENT_TARGET = 8.0;
				MTL_ENABLE_DEBUG_INFO = YES;
				ONLY_ACTIVE_ARCH = YES;
				SDKROOT = iphoneos;
				SWIFT_OPTIMIZATION_LEVEL = "-O";
			};
			name = Debug;
		};
		B2BDD73D19A6BA30006C4D3C /* Release */ = {
			isa = XCBuildConfiguration;
			buildSettings = {
				ALWAYS_SEARCH_USER_PATHS = NO;
				CLANG_CXX_LANGUAGE_STANDARD = "gnu++0x";
				CLANG_CXX_LIBRARY = "libc++";
				CLANG_ENABLE_MODULES = YES;
				CLANG_ENABLE_OBJC_ARC = YES;
				CLANG_WARN_BOOL_CONVERSION = YES;
				CLANG_WARN_CONSTANT_CONVERSION = YES;
				CLANG_WARN_DIRECT_OBJC_ISA_USAGE = YES_ERROR;
				CLANG_WARN_EMPTY_BODY = YES;
				CLANG_WARN_ENUM_CONVERSION = YES;
				CLANG_WARN_INT_CONVERSION = YES;
				CLANG_WARN_OBJC_ROOT_CLASS = YES_ERROR;
				CLANG_WARN_UNREACHABLE_CODE = YES;
				CLANG_WARN__DUPLICATE_METHOD_MATCH = YES;
				"CODE_SIGN_IDENTITY[sdk=iphoneos*]" = "iPhone Developer";
				COPY_PHASE_STRIP = YES;
				ENABLE_NS_ASSERTIONS = NO;
				ENABLE_STRICT_OBJC_MSGSEND = YES;
				GCC_C_LANGUAGE_STANDARD = gnu99;
				GCC_OPTIMIZATION_LEVEL = s;
				GCC_WARN_64_TO_32_BIT_CONVERSION = YES;
				GCC_WARN_ABOUT_RETURN_TYPE = YES_ERROR;
				GCC_WARN_UNDECLARED_SELECTOR = YES;
				GCC_WARN_UNINITIALIZED_AUTOS = YES_AGGRESSIVE;
				GCC_WARN_UNUSED_FUNCTION = YES;
				GCC_WARN_UNUSED_VARIABLE = YES;
				IPHONEOS_DEPLOYMENT_TARGET = 8.0;
				MTL_ENABLE_DEBUG_INFO = NO;
				SDKROOT = iphoneos;
				VALIDATE_PRODUCT = YES;
			};
			name = Release;
		};
		B2BDD73F19A6BA30006C4D3C /* Debug */ = {
			isa = XCBuildConfiguration;
			buildSettings = {
				ASSETCATALOG_COMPILER_APPICON_NAME = AppIcon;
				ASSETCATALOG_COMPILER_LAUNCHIMAGE_NAME = LaunchImage;
				INFOPLIST_FILE = "Cardano Swift/Info.plist";
				LD_RUNPATH_SEARCH_PATHS = "$(inherited) @executable_path/Frameworks";
				PRODUCT_NAME = "$(TARGET_NAME)";
			};
			name = Debug;
		};
		B2BDD74019A6BA30006C4D3C /* Release */ = {
			isa = XCBuildConfiguration;
			buildSettings = {
				ASSETCATALOG_COMPILER_APPICON_NAME = AppIcon;
				ASSETCATALOG_COMPILER_LAUNCHIMAGE_NAME = LaunchImage;
				INFOPLIST_FILE = "Cardano Swift/Info.plist";
				LD_RUNPATH_SEARCH_PATHS = "$(inherited) @executable_path/Frameworks";
				PRODUCT_NAME = "$(TARGET_NAME)";
			};
			name = Release;
		};
		B2BDD74219A6BA30006C4D3C /* Debug */ = {
			isa = XCBuildConfiguration;
			buildSettings = {
				BUNDLE_LOADER = "$(BUILT_PRODUCTS_DIR)/Cardano Swift.app/Cardano Swift";
				FRAMEWORK_SEARCH_PATHS = (
					"$(SDKROOT)/Developer/Library/Frameworks",
					"$(inherited)",
				);
				GCC_PREPROCESSOR_DEFINITIONS = (
					"DEBUG=1",
					"$(inherited)",
				);
				INFOPLIST_FILE = "Cardano SwiftTests/Info.plist";
				LD_RUNPATH_SEARCH_PATHS = "$(inherited) @executable_path/Frameworks @loader_path/Frameworks";
				PRODUCT_NAME = "$(TARGET_NAME)";
				TEST_HOST = "$(BUNDLE_LOADER)";
			};
			name = Debug;
		};
		B2BDD74319A6BA30006C4D3C /* Release */ = {
			isa = XCBuildConfiguration;
			buildSettings = {
				BUNDLE_LOADER = "$(BUILT_PRODUCTS_DIR)/Cardano Swift.app/Cardano Swift";
				FRAMEWORK_SEARCH_PATHS = (
					"$(SDKROOT)/Developer/Library/Frameworks",
					"$(inherited)",
				);
				INFOPLIST_FILE = "Cardano SwiftTests/Info.plist";
				LD_RUNPATH_SEARCH_PATHS = "$(inherited) @executable_path/Frameworks @loader_path/Frameworks";
				PRODUCT_NAME = "$(TARGET_NAME)";
				TEST_HOST = "$(BUNDLE_LOADER)";
			};
			name = Release;
		};
/* End XCBuildConfiguration section */

/* Begin XCConfigurationList section */
		B2BDD71D19A6BA30006C4D3C /* Build configuration list for PBXProject "Cardano Swift" */ = {
			isa = XCConfigurationList;
			buildConfigurations = (
				B2BDD73C19A6BA30006C4D3C /* Debug */,
				B2BDD73D19A6BA30006C4D3C /* Release */,
			);
			defaultConfigurationIsVisible = 0;
			defaultConfigurationName = Release;
		};
		B2BDD73E19A6BA30006C4D3C /* Build configuration list for PBXNativeTarget "Cardano Swift" */ = {
			isa = XCConfigurationList;
			buildConfigurations = (
				B2BDD73F19A6BA30006C4D3C /* Debug */,
				B2BDD74019A6BA30006C4D3C /* Release */,
			);
			defaultConfigurationIsVisible = 0;
			defaultConfigurationName = Release;
		};
		B2BDD74119A6BA30006C4D3C /* Build configuration list for PBXNativeTarget "Cardano SwiftTests" */ = {
			isa = XCConfigurationList;
			buildConfigurations = (
				B2BDD74219A6BA30006C4D3C /* Debug */,
				B2BDD74319A6BA30006C4D3C /* Release */,
			);
			defaultConfigurationIsVisible = 0;
			defaultConfigurationName = Release;
		};
/* End XCConfigurationList section */
	};
	rootObject = B2BDD71A19A6BA30006C4D3C /* Project object */;
}
